{
  "version": 4,
  "terraform_version": "0.14.9",
  "serial": 4,
  "lineage": "178416ff-cb45-e721-a184-3f031e8e771a",
  "outputs": {
    "Feranmi_arn": {
      "value": "arn:aws:iam::316411904449:user/Feranmi",
      "type": "string"
    },
    "all_arn": {
      "value": [
        "arn:aws:iam::316411904449:user/Feranmi",
        "arn:aws:iam::316411904449:user/Ire",
        "arn:aws:iam::316411904449:user/Banjo"
      ],
      "type": [
        "tuple",
        [
          "string",
          "string",
          "string"
        ]
      ]
    }
  },
  "resources": [
    {
      "mode": "managed",
      "type": "aws_iam_user",
      "name": "loopdemo",
      "provider": "provider[\"registry.terraform.io/hashicorp/aws\"]",
      "instances": [
        {
          "index_key": 0,
          "schema_version": 0,
          "attributes": {
            "arn": "arn:aws:iam::316411904449:user/Feranmi",
            "force_destroy": false,
            "id": "Feranmi",
            "name": "Feranmi",
            "path": "/",
            "permissions_boundary": null,
            "tags": null,
            "unique_id": "AIDAUTK46QHAS2WKKJ3FL"
          },
          "sensitive_attributes": [],
          "private": "bnVsbA=="
        },
        {
          "index_key": 1,
          "schema_version": 0,
          "attributes": {
            "arn": "arn:aws:iam::316411904449:user/Ire",
            "force_destroy": false,
            "id": "Ire",
            "name": "Ire",
            "path": "/",
            "permissions_boundary": null,
            "tags": null,
            "unique_id": "AIDAUTK46QHAURV5XQZAH"
          },
          "sensitive_attributes": [],
          "private": "bnVsbA=="
        },
        {
          "index_key": 2,
          "schema_version": 0,
          "attributes": {
            "arn": "arn:aws:iam::316411904449:user/Banjo",
            "force_destroy": false,
            "id": "Banjo",
            "name": "Banjo",
            "path": "/",
            "permissions_boundary": null,
            "tags": null,
            "unique_id": "AIDAUTK46QHAR3EYSCSTL"
          },
          "sensitive_attributes": [],
          "private": "bnVsbA=="
        }
      ]
    }
  ]
}
